
Microsoft Visual Studio Solution File, Format Version 12.00
# Visual Studio Version 17
VisualStudioVersion = 17.9.34728.123
MinimumVisualStudioVersion = 10.0.40219.1
Project("{FAE04EC0-301F-11D3-BF4B-00C04F79EFBC}") = "Zavrsni_rad_API", "Zavrsni_rad_API\Zavrsni_rad_API.csproj", "{A2659A0E-3456-4456-A615-A4E502C310B7}"
EndProject
Project("{FAE04EC0-301F-11D3-BF4B-00C04F79EFBC}") = "DAL", "DAL\DAL.csproj", "{C5974D98-B43D-4340-946A-3D2BD5EEF47F}"
EndProject
Project("{FAE04EC0-301F-11D3-BF4B-00C04F79EFBC}") = "ServiceLayer", "ServiceLayer\ServiceLayer.csproj", "{5867D47D-822C-4E9F-8112-021AB0D3B3CA}"
EndProject
Global
	GlobalSection(SolutionConfigurationPlatforms) = preSolution
		Debug|Any CPU = Debug|Any CPU
		Release|Any CPU = Release|Any CPU
	EndGlobalSection
	GlobalSection(ProjectConfigurationPlatforms) = postSolution
		{A2659A0E-3456-4456-A615-A4E502C310B7}.Debug|Any CPU.ActiveCfg = Debug|Any CPU
		{A2659A0E-3456-4456-A615-A4E502C310B7}.Debug|Any CPU.Build.0 = Debug|Any CPU
		{A2659A0E-3456-4456-A615-A4E502C310B7}.Release|Any CPU.ActiveCfg = Release|Any CPU
		{A2659A0E-3456-4456-A615-A4E502C310B7}.Release|Any CPU.Build.0 = Release|Any CPU
		{C5974D98-B43D-4340-946A-3D2BD5EEF47F}.Debug|Any CPU.ActiveCfg = Debug|Any CPU
		{C5974D98-B43D-4340-946A-3D2BD5EEF47F}.Debug|Any CPU.Build.0 = Debug|Any CPU
		{C5974D98-B43D-4340-946A-3D2BD5EEF47F}.Release|Any CPU.ActiveCfg = Release|Any CPU
		{C5974D98-B43D-4340-946A-3D2BD5EEF47F}.Release|Any CPU.Build.0 = Release|Any CPU
		{5867D47D-822C-4E9F-8112-021AB0D3B3CA}.Debug|Any CPU.ActiveCfg = Debug|Any CPU
		{5867D47D-822C-4E9F-8112-021AB0D3B3CA}.Debug|Any CPU.Build.0 = Debug|Any CPU
		{5867D47D-822C-4E9F-8112-021AB0D3B3CA}.Release|Any CPU.ActiveCfg = Release|Any CPU
		{5867D47D-822C-4E9F-8112-021AB0D3B3CA}.Release|Any CPU.Build.0 = Release|Any CPU
	EndGlobalSection
	GlobalSection(SolutionProperties) = preSolution
		HideSolutionNode = FALSE
	EndGlobalSection
	GlobalSection(ExtensibilityGlobals) = postSolution
		SolutionGuid = {6F071CF5-B733-4DC0-9B19-E2656175BFBB}
	EndGlobalSection
EndGlobal
